
Microsoft Visual Studio Solution File, Format Version 12.00
# Visual Studio Version 16
VisualStudioVersion = 16.0.31624.102
MinimumVisualStudioVersion = 10.0.40219.1
Project("{FAE04EC0-301F-11D3-BF4B-00C04F79EFBC}") = "EFCore.Legacy", "EFCore.Legacy\EFCore.Legacy.csproj", "{B99B047D-C9CF-44D3-9DD8-596219F1300B}"
EndProject
Global
	GlobalSection(SolutionConfigurationPlatforms) = preSolution
		Debug|Any CPU = Debug|Any CPU
		Release|Any CPU = Release|Any CPU
	EndGlobalSection
	GlobalSection(ProjectConfigurationPlatforms) = postSolution
		{B99B047D-C9CF-44D3-9DD8-596219F1300B}.Debug|Any CPU.ActiveCfg = Debug|Any CPU
		{B99B047D-C9CF-44D3-9DD8-596219F1300B}.Debug|Any CPU.Build.0 = Debug|Any CPU
		{B99B047D-C9CF-44D3-9DD8-596219F1300B}.Release|Any CPU.ActiveCfg = Release|Any CPU
		{B99B047D-C9CF-44D3-9DD8-596219F1300B}.Release|Any CPU.Build.0 = Release|Any CPU
	EndGlobalSection
	GlobalSection(SolutionProperties) = preSolution
		HideSolutionNode = FALSE
	EndGlobalSection
	GlobalSection(ExtensibilityGlobals) = postSolution
		SolutionGuid = {4D3A1EF5-DC42-4D5C-ABA9-03B975EB9ACB}
	EndGlobalSection
EndGlobal
